
Microsoft Visual Studio Solution File, Format Version 12.00
# Visual Studio Version 16
VisualStudioVersion = 16.0.30114.105
MinimumVisualStudioVersion = 10.0.40219.1
Project("{FAE04EC0-301F-11D3-BF4B-00C04F79EFBC}") = "BDDContext", "src\BDDContext.csproj", "{F51BF219-6482-49C5-BE3C-DA27A5C09AA8}"
EndProject
Global
	GlobalSection(SolutionConfigurationPlatforms) = preSolution
		Debug|Any CPU = Debug|Any CPU
		Release|Any CPU = Release|Any CPU
	EndGlobalSection
	GlobalSection(SolutionProperties) = preSolution
		HideSolutionNode = FALSE
	EndGlobalSection
	GlobalSection(ProjectConfigurationPlatforms) = postSolution
		{F51BF219-6482-49C5-BE3C-DA27A5C09AA8}.Debug|Any CPU.ActiveCfg = Debug|Any CPU
		{F51BF219-6482-49C5-BE3C-DA27A5C09AA8}.Debug|Any CPU.Build.0 = Debug|Any CPU
		{F51BF219-6482-49C5-BE3C-DA27A5C09AA8}.Release|Any CPU.ActiveCfg = Release|Any CPU
		{F51BF219-6482-49C5-BE3C-DA27A5C09AA8}.Release|Any CPU.Build.0 = Release|Any CPU
	EndGlobalSection
EndGlobal
